
Microsoft Visual Studio Solution File, Format Version 12.00
# Visual Studio 15
VisualStudioVersion = 15.0.27703.2047
MinimumVisualStudioVersion = 10.0.40219.1
Project("{9A19103F-16F7-4668-BE54-9A1E7A4F7556}") = "AxCluster", "AxCluster\AxCluster.csproj", "{3CDAB4F4-9C31-4B08-86D4-39B2A6E42FEA}"
EndProject
Project("{9A19103F-16F7-4668-BE54-9A1E7A4F7556}") = "AxCluster.UnitTests", "..\AxCluster.UnitTests\AxCluster.UnitTests.csproj", "{7F05001E-7490-4EA0-9626-8EAD7386F554}"
EndProject
Project("{E53339B2-1760-4266-BCC7-CA923CBCF16C}") = "docker-compose", "..\docker-compose.dcproj", "{EE6E830B-EF70-49B7-A752-F28E022A06CE}"
EndProject
Global
	GlobalSection(SolutionConfigurationPlatforms) = preSolution
		Debug|Any CPU = Debug|Any CPU
		Release|Any CPU = Release|Any CPU
	EndGlobalSection
	GlobalSection(ProjectConfigurationPlatforms) = postSolution
		{3CDAB4F4-9C31-4B08-86D4-39B2A6E42FEA}.Debug|Any CPU.ActiveCfg = Debug|Any CPU
		{3CDAB4F4-9C31-4B08-86D4-39B2A6E42FEA}.Debug|Any CPU.Build.0 = Debug|Any CPU
		{3CDAB4F4-9C31-4B08-86D4-39B2A6E42FEA}.Release|Any CPU.ActiveCfg = Release|Any CPU
		{3CDAB4F4-9C31-4B08-86D4-39B2A6E42FEA}.Release|Any CPU.Build.0 = Release|Any CPU
		{7F05001E-7490-4EA0-9626-8EAD7386F554}.Debug|Any CPU.ActiveCfg = Debug|Any CPU
		{7F05001E-7490-4EA0-9626-8EAD7386F554}.Debug|Any CPU.Build.0 = Debug|Any CPU
		{7F05001E-7490-4EA0-9626-8EAD7386F554}.Release|Any CPU.ActiveCfg = Release|Any CPU
		{7F05001E-7490-4EA0-9626-8EAD7386F554}.Release|Any CPU.Build.0 = Release|Any CPU
		{EE6E830B-EF70-49B7-A752-F28E022A06CE}.Debug|Any CPU.ActiveCfg = Debug|Any CPU
		{EE6E830B-EF70-49B7-A752-F28E022A06CE}.Debug|Any CPU.Build.0 = Debug|Any CPU
		{EE6E830B-EF70-49B7-A752-F28E022A06CE}.Release|Any CPU.ActiveCfg = Release|Any CPU
		{EE6E830B-EF70-49B7-A752-F28E022A06CE}.Release|Any CPU.Build.0 = Release|Any CPU
	EndGlobalSection
	GlobalSection(SolutionProperties) = preSolution
		HideSolutionNode = FALSE
	EndGlobalSection
	GlobalSection(ExtensibilityGlobals) = postSolution
		SolutionGuid = {9A88B20E-259F-42D3-87A9-8D2E1ACA2718}
	EndGlobalSection
EndGlobal
